
Microsoft Visual Studio Solution File, Format Version 12.00
# Visual Studio Version 16
VisualStudioVersion = 16.0.29411.108
MinimumVisualStudioVersion = 15.0.26124.0
Project("{9A19103F-16F7-4668-BE54-9A1E7A4F7556}") = "VisibleHand.WebApi", "VisibleHand.WebApi\VisibleHand.WebApi.csproj", "{B31BD8BB-E3C9-4E1D-B42B-E8B737B308D3}"
EndProject
Project("{2150E333-8FDC-42A3-9474-1A3956D46DE8}") = "src", "src", "{41FE6F10-8CAE-4AC5-934E-1F0B524A76D4}"
EndProject
Project("{2150E333-8FDC-42A3-9474-1A3956D46DE8}") = "tests", "tests", "{C52165E9-F023-4905-8723-79F06BAA8A21}"
EndProject
Global
	GlobalSection(SolutionConfigurationPlatforms) = preSolution
		Debug|Any CPU = Debug|Any CPU
		Debug|x64 = Debug|x64
		Debug|x86 = Debug|x86
		Release|Any CPU = Release|Any CPU
		Release|x64 = Release|x64
		Release|x86 = Release|x86
	EndGlobalSection
	GlobalSection(ProjectConfigurationPlatforms) = postSolution
		{B31BD8BB-E3C9-4E1D-B42B-E8B737B308D3}.Debug|Any CPU.ActiveCfg = Debug|Any CPU
		{B31BD8BB-E3C9-4E1D-B42B-E8B737B308D3}.Debug|Any CPU.Build.0 = Debug|Any CPU
		{B31BD8BB-E3C9-4E1D-B42B-E8B737B308D3}.Debug|x64.ActiveCfg = Debug|Any CPU
		{B31BD8BB-E3C9-4E1D-B42B-E8B737B308D3}.Debug|x64.Build.0 = Debug|Any CPU
		{B31BD8BB-E3C9-4E1D-B42B-E8B737B308D3}.Debug|x86.ActiveCfg = Debug|Any CPU
		{B31BD8BB-E3C9-4E1D-B42B-E8B737B308D3}.Debug|x86.Build.0 = Debug|Any CPU
		{B31BD8BB-E3C9-4E1D-B42B-E8B737B308D3}.Release|Any CPU.ActiveCfg = Release|Any CPU
		{B31BD8BB-E3C9-4E1D-B42B-E8B737B308D3}.Release|Any CPU.Build.0 = Release|Any CPU
		{B31BD8BB-E3C9-4E1D-B42B-E8B737B308D3}.Release|x64.ActiveCfg = Release|Any CPU
		{B31BD8BB-E3C9-4E1D-B42B-E8B737B308D3}.Release|x64.Build.0 = Release|Any CPU
		{B31BD8BB-E3C9-4E1D-B42B-E8B737B308D3}.Release|x86.ActiveCfg = Release|Any CPU
		{B31BD8BB-E3C9-4E1D-B42B-E8B737B308D3}.Release|x86.Build.0 = Release|Any CPU
	EndGlobalSection
	GlobalSection(SolutionProperties) = preSolution
		HideSolutionNode = FALSE
	EndGlobalSection
	GlobalSection(NestedProjects) = preSolution
		{B31BD8BB-E3C9-4E1D-B42B-E8B737B308D3} = {41FE6F10-8CAE-4AC5-934E-1F0B524A76D4}
	EndGlobalSection
	GlobalSection(ExtensibilityGlobals) = postSolution
		SolutionGuid = {DD824E8E-507A-448F-B936-580730ECD677}
	EndGlobalSection
EndGlobal
